
Microsoft Visual Studio Solution File, Format Version 12.00
# Visual Studio Version 16
VisualStudioVersion = 16.0.31112.23
MinimumVisualStudioVersion = 10.0.40219.1
Project("{FAE04EC0-301F-11D3-BF4B-00C04F79EFBC}") = "Alph.Lib", "Alph.Lib\Alph.Lib.csproj", "{87700DB2-9813-4247-AC21-89D321C723BE}"
EndProject
Project("{FAE04EC0-301F-11D3-BF4B-00C04F79EFBC}") = "Alph.Tests", "Alph.Tests\Alph.Tests.csproj", "{2C3D2AB5-D9FB-43CC-8DDF-B7A9DCE6934E}"
EndProject
Project("{FAE04EC0-301F-11D3-BF4B-00C04F79EFBC}") = "Alph.RequestManager", "Alph.Domain\Alph.RequestManager.csproj", "{6E5DCC3D-17F7-488A-A875-2049DFECCD12}"
EndProject
Project("{FAE04EC0-301F-11D3-BF4B-00C04F79EFBC}") = "Alph.Data", "Alph.Data\Alph.Data.csproj", "{3CF19656-6AB4-4E75-A399-F0CAC95C6329}"
EndProject
Project("{FAE04EC0-301F-11D3-BF4B-00C04F79EFBC}") = "Alph.Logic", "Alph.Logic\Alph.Logic.csproj", "{F35C5DB1-24C7-4799-95A0-6B548DD4320B}"
EndProject
Global
	GlobalSection(SolutionConfigurationPlatforms) = preSolution
		Debug|Any CPU = Debug|Any CPU
		Release|Any CPU = Release|Any CPU
	EndGlobalSection
	GlobalSection(ProjectConfigurationPlatforms) = postSolution
		{87700DB2-9813-4247-AC21-89D321C723BE}.Debug|Any CPU.ActiveCfg = Debug|Any CPU
		{87700DB2-9813-4247-AC21-89D321C723BE}.Debug|Any CPU.Build.0 = Debug|Any CPU
		{87700DB2-9813-4247-AC21-89D321C723BE}.Release|Any CPU.ActiveCfg = Release|Any CPU
		{87700DB2-9813-4247-AC21-89D321C723BE}.Release|Any CPU.Build.0 = Release|Any CPU
		{2C3D2AB5-D9FB-43CC-8DDF-B7A9DCE6934E}.Debug|Any CPU.ActiveCfg = Debug|Any CPU
		{2C3D2AB5-D9FB-43CC-8DDF-B7A9DCE6934E}.Debug|Any CPU.Build.0 = Debug|Any CPU
		{2C3D2AB5-D9FB-43CC-8DDF-B7A9DCE6934E}.Release|Any CPU.ActiveCfg = Release|Any CPU
		{2C3D2AB5-D9FB-43CC-8DDF-B7A9DCE6934E}.Release|Any CPU.Build.0 = Release|Any CPU
		{6E5DCC3D-17F7-488A-A875-2049DFECCD12}.Debug|Any CPU.ActiveCfg = Debug|Any CPU
		{6E5DCC3D-17F7-488A-A875-2049DFECCD12}.Debug|Any CPU.Build.0 = Debug|Any CPU
		{6E5DCC3D-17F7-488A-A875-2049DFECCD12}.Release|Any CPU.ActiveCfg = Release|Any CPU
		{6E5DCC3D-17F7-488A-A875-2049DFECCD12}.Release|Any CPU.Build.0 = Release|Any CPU
		{3CF19656-6AB4-4E75-A399-F0CAC95C6329}.Debug|Any CPU.ActiveCfg = Debug|Any CPU
		{3CF19656-6AB4-4E75-A399-F0CAC95C6329}.Debug|Any CPU.Build.0 = Debug|Any CPU
		{3CF19656-6AB4-4E75-A399-F0CAC95C6329}.Release|Any CPU.ActiveCfg = Release|Any CPU
		{3CF19656-6AB4-4E75-A399-F0CAC95C6329}.Release|Any CPU.Build.0 = Release|Any CPU
		{F35C5DB1-24C7-4799-95A0-6B548DD4320B}.Debug|Any CPU.ActiveCfg = Debug|Any CPU
		{F35C5DB1-24C7-4799-95A0-6B548DD4320B}.Debug|Any CPU.Build.0 = Debug|Any CPU
		{F35C5DB1-24C7-4799-95A0-6B548DD4320B}.Release|Any CPU.ActiveCfg = Release|Any CPU
		{F35C5DB1-24C7-4799-95A0-6B548DD4320B}.Release|Any CPU.Build.0 = Release|Any CPU
	EndGlobalSection
	GlobalSection(SolutionProperties) = preSolution
		HideSolutionNode = FALSE
	EndGlobalSection
	GlobalSection(ExtensibilityGlobals) = postSolution
		SolutionGuid = {E8A957FC-A2AE-40E4-9D57-326725C0E986}
	EndGlobalSection
EndGlobal
